#MicroXplorer Configuration settings - do not modify
Mcu.Family=STM32F1
PA6.GPIOParameters=GPIO_Label
ProjectManager.MainLocation=Core/Src
ProjectManager.ProjectFileName=PDBMCU.ioc
ADC1.Rank-0\#ChannelRegularConversion=1
ProjectManager.KeepUserCode=true
PA10.Mode=Asynchronous
Mcu.UserName=STM32F103C6Tx
Mcu.PinsNb=15
ProjectManager.NoMain=false
ADC1.IPParameters=Rank-0\#ChannelRegularConversion,Channel-0\#ChannelRegularConversion,SamplingTime-0\#ChannelRegularConversion,NbrOfConversionFlag,master
RCC.PLLCLKFreq_Value=8000000
PC13-TAMPER-RTC.GPIOParameters=GPIO_Label
ProjectManager.functionlistsort=1-MX_GPIO_Init-GPIO-false-HAL-true,2-SystemClock_Config-RCC-false-HAL-false,3-MX_ADC1_Init-ADC1-false-HAL-true,4-MX_I2C1_Init-I2C1-false-HAL-true,5-MX_USART1_UART_Init-USART1-false-HAL-true
PC13-TAMPER-RTC.Signal=GPIO_Output
ProjectManager.DefaultFWLocation=true
PA6.GPIO_Label=Blue LED
PD0-OSC_IN.Signal=GPIO_Output
ProjectManager.DeletePrevious=true
USART1.IPParameters=VirtualMode
PC14-OSC32_IN.Signal=GPIO_Output
PC15-OSC32_OUT.GPIO_Label=Analog Select[2]
PinOutPanel.RotationAngle=0
RCC.FamilyName=M
ProjectManager.StackSize=0x400
PD1-OSC_OUT.Locked=true
PD1-OSC_OUT.Signal=GPIO_Output
PA13.Signal=SYS_JTMS-SWDIO
Mcu.IP4=SYS
Mcu.IP5=USART1
Mcu.IP2=NVIC
NVIC.SVCall_IRQn=true\:0\:0\:false\:false\:true\:false\:false
Mcu.IP3=RCC
Mcu.IP0=ADC1
PA9.Mode=Asynchronous
Mcu.IP1=I2C1
PD1-OSC_OUT.GPIO_Label=Analog Mux Enable
PC15-OSC32_OUT.Locked=true
Mcu.UserConstants=
ProjectManager.TargetToolchain=STM32CubeIDE
Mcu.ThirdPartyNb=0
Mcu.IPNb=6
ProjectManager.PreviousToolchain=
PA9.Signal=USART1_TX
PB6.Signal=I2C1_SCL
PB6.Mode=I2C
Mcu.Pin6=PA6
Mcu.Pin7=PA7
ProjectManager.RegisterCallBack=
PC13-TAMPER-RTC.Locked=true
Mcu.Pin8=PA9
Mcu.Pin9=PA10
PC15-OSC32_OUT.Signal=GPIO_Output
PA1.Signal=ADCx_IN1
Mcu.Pin0=PC13-TAMPER-RTC
Mcu.Pin1=PC14-OSC32_IN
Mcu.Pin2=PC15-OSC32_OUT
Mcu.Pin3=PD0-OSC_IN
Mcu.Pin4=PD1-OSC_OUT
Mcu.Pin5=PA1
ADC1.Channel-0\#ChannelRegularConversion=ADC_CHANNEL_1
ProjectManager.ProjectBuild=false
NVIC.UsageFault_IRQn=true\:0\:0\:false\:false\:true\:false\:false
NVIC.DebugMonitor_IRQn=true\:0\:0\:false\:false\:true\:false\:false
board=custom
PD0-OSC_IN.GPIO_Label=Analog Select[3]
NVIC.SysTick_IRQn=true\:0\:0\:false\:false\:true\:false\:true
ProjectManager.LastFirmware=true
PC13-TAMPER-RTC.GPIO_Label=Analog Select[0]
ProjectManager.FirmwarePackage=STM32Cube FW_F1 V1.8.3
MxDb.Version=DB.6.0.21
PD1-OSC_OUT.GPIOParameters=GPIO_Label
RCC.APB2Freq_Value=8000000
PA1.GPIOParameters=GPIO_Label
ProjectManager.BackupPrevious=false
MxCube.Version=6.2.1
PA14.Mode=Serial_Wire
SH.ADCx_IN1.ConfNb=1
File.Version=6
PA1.GPIO_Label=Analog Line In
VP_SYS_VS_Systick.Mode=SysTick
PB7.Signal=I2C1_SDA
NVIC.NonMaskableInt_IRQn=true\:0\:0\:false\:false\:true\:false\:false
NVIC.PendSV_IRQn=true\:0\:0\:false\:false\:true\:false\:false
PA13.Mode=Serial_Wire
ProjectManager.FreePins=false
RCC.IPParameters=APB1Freq_Value,APB1TimFreq_Value,APB2Freq_Value,FamilyName,PLLCLKFreq_Value,PLLMCOFreq_Value,TimSysFreq_Value
ProjectManager.AskForMigrate=true
Mcu.Name=STM32F103C(4-6)Tx
ProjectManager.HalAssertFull=false
ADC1.SamplingTime-0\#ChannelRegularConversion=ADC_SAMPLETIME_1CYCLE_5
PC14-OSC32_IN.GPIOParameters=GPIO_Label
PD0-OSC_IN.GPIOParameters=GPIO_Label
ProjectManager.ProjectName=PDBMCU
ProjectManager.UnderRoot=true
RCC.PLLMCOFreq_Value=4000000
ProjectManager.CoupleFile=false
Mcu.Package=LQFP48
PA6.Signal=GPIO_Output
RCC.TimSysFreq_Value=8000000
PA1.Locked=true
PA7.GPIO_Label=Red LED
ADC1.master=1
PA7.Locked=true
NVIC.ForceEnableDMAVector=true
KeepUserPlacement=false
NVIC.MemoryManagement_IRQn=true\:0\:0\:false\:false\:true\:false\:false
USART1.VirtualMode=VM_ASYNC
ProjectManager.CompilerOptimize=6
ProjectManager.ToolChainLocation=
VP_SYS_VS_Systick.Signal=SYS_VS_Systick
PB7.Mode=I2C
PA10.Signal=USART1_RX
PA14.Signal=SYS_JTCK-SWCLK
ProjectManager.HeapSize=0x200
NVIC.HardFault_IRQn=true\:0\:0\:false\:false\:true\:false\:false
Mcu.Pin13=PB7
Mcu.Pin14=VP_SYS_VS_Systick
ProjectManager.ComputerToolchain=false
NVIC.PriorityGroup=NVIC_PRIORITYGROUP_4
ADC1.NbrOfConversionFlag=1
SH.ADCx_IN1.0=ADC1_IN1,IN1
Mcu.Pin11=PA14
Mcu.Pin12=PB6
Mcu.Pin10=PA13
RCC.APB1TimFreq_Value=8000000
NVIC.BusFault_IRQn=true\:0\:0\:false\:false\:true\:false\:false
PC14-OSC32_IN.GPIO_Label=Analog Select[1]
PC15-OSC32_OUT.GPIOParameters=GPIO_Label
RCC.APB1Freq_Value=8000000
PD0-OSC_IN.Locked=true
PA7.GPIOParameters=GPIO_Label
ProjectManager.CustomerFirmwarePackage=
ProjectManager.DeviceId=STM32F103C6Tx
PC14-OSC32_IN.Locked=true
ProjectManager.LibraryCopy=1
PA7.Signal=GPIO_Output
PA6.Locked=true
isbadioc=true
